
Microsoft Visual Studio Solution File, Format Version 12.00
# Visual Studio Version 16
VisualStudioVersion = 16.0.31605.320
MinimumVisualStudioVersion = 10.0.40219.1
Project("{9A19103F-16F7-4668-BE54-9A1E7A4F7556}") = "AspNETCoreIoCYapilanmasi", "AspNETCoreIoCYapilanmasi\AspNETCoreIoCYapilanmasi.csproj", "{4B50E7E5-7944-4613-8678-A221B7517D8C}"
EndProject
Project("{FAE04EC0-301F-11D3-BF4B-00C04F79EFBC}") = "NetCoreFluentValidation", "NetCoreFluentValidation\NetCoreFluentValidation.csproj", "{C918B4E0-5ABA-4C6D-967B-B222B341AA87}"
EndProject
Global
	GlobalSection(SolutionConfigurationPlatforms) = preSolution
		Debug|Any CPU = Debug|Any CPU
		Release|Any CPU = Release|Any CPU
	EndGlobalSection
	GlobalSection(ProjectConfigurationPlatforms) = postSolution
		{4B50E7E5-7944-4613-8678-A221B7517D8C}.Debug|Any CPU.ActiveCfg = Debug|Any CPU
		{4B50E7E5-7944-4613-8678-A221B7517D8C}.Debug|Any CPU.Build.0 = Debug|Any CPU
		{4B50E7E5-7944-4613-8678-A221B7517D8C}.Release|Any CPU.ActiveCfg = Release|Any CPU
		{4B50E7E5-7944-4613-8678-A221B7517D8C}.Release|Any CPU.Build.0 = Release|Any CPU
		{C918B4E0-5ABA-4C6D-967B-B222B341AA87}.Debug|Any CPU.ActiveCfg = Debug|Any CPU
		{C918B4E0-5ABA-4C6D-967B-B222B341AA87}.Debug|Any CPU.Build.0 = Debug|Any CPU
		{C918B4E0-5ABA-4C6D-967B-B222B341AA87}.Release|Any CPU.ActiveCfg = Release|Any CPU
		{C918B4E0-5ABA-4C6D-967B-B222B341AA87}.Release|Any CPU.Build.0 = Release|Any CPU
	EndGlobalSection
	GlobalSection(SolutionProperties) = preSolution
		HideSolutionNode = FALSE
	EndGlobalSection
	GlobalSection(ExtensibilityGlobals) = postSolution
		SolutionGuid = {A8E25CF4-F5F2-4F17-AE25-C959BEC047DA}
	EndGlobalSection
EndGlobal
